
Microsoft Visual Studio Solution File, Format Version 12.00
# Visual Studio Version 16
VisualStudioVersion = 16.0.30011.22
MinimumVisualStudioVersion = 10.0.40219.1
Project("{FAE04EC0-301F-11D3-BF4B-00C04F79EFBC}") = "EkwExplorer.ConsoleApp", "EkwExplorer.ConsoleApp\EkwExplorer.ConsoleApp.csproj", "{2A1C0456-88C4-4867-8AD2-53B7E591BBC3}"
EndProject
Project("{FAE04EC0-301F-11D3-BF4B-00C04F79EFBC}") = "EkwExplorer.ChromeScraper", "EkwExplorer.ChromeScraper\EkwExplorer.ChromeScraper.csproj", "{741F2EAA-B5AB-41CF-A341-288B2EBEFAC7}"
EndProject
Project("{FAE04EC0-301F-11D3-BF4B-00C04F79EFBC}") = "EkwExplorer.Core", "EkwExplorer.Core\EkwExplorer.Core.csproj", "{994FE6DD-0670-40E6-B063-3B763BF8EC2B}"
EndProject
Project("{FAE04EC0-301F-11D3-BF4B-00C04F79EFBC}") = "EkwExplorer.Persistence.SQLite", "EkwExplorer.Persistence.SQLite\EkwExplorer.Persistence.SQLite.csproj", "{7DDF7215-2331-4251-A5FA-78ECCF82E3DB}"
EndProject
Global
	GlobalSection(SolutionConfigurationPlatforms) = preSolution
		Debug|Any CPU = Debug|Any CPU
		Release|Any CPU = Release|Any CPU
	EndGlobalSection
	GlobalSection(ProjectConfigurationPlatforms) = postSolution
		{2A1C0456-88C4-4867-8AD2-53B7E591BBC3}.Debug|Any CPU.ActiveCfg = Debug|Any CPU
		{2A1C0456-88C4-4867-8AD2-53B7E591BBC3}.Debug|Any CPU.Build.0 = Debug|Any CPU
		{2A1C0456-88C4-4867-8AD2-53B7E591BBC3}.Release|Any CPU.ActiveCfg = Release|Any CPU
		{2A1C0456-88C4-4867-8AD2-53B7E591BBC3}.Release|Any CPU.Build.0 = Release|Any CPU
		{741F2EAA-B5AB-41CF-A341-288B2EBEFAC7}.Debug|Any CPU.ActiveCfg = Debug|Any CPU
		{741F2EAA-B5AB-41CF-A341-288B2EBEFAC7}.Debug|Any CPU.Build.0 = Debug|Any CPU
		{741F2EAA-B5AB-41CF-A341-288B2EBEFAC7}.Release|Any CPU.ActiveCfg = Release|Any CPU
		{741F2EAA-B5AB-41CF-A341-288B2EBEFAC7}.Release|Any CPU.Build.0 = Release|Any CPU
		{994FE6DD-0670-40E6-B063-3B763BF8EC2B}.Debug|Any CPU.ActiveCfg = Debug|Any CPU
		{994FE6DD-0670-40E6-B063-3B763BF8EC2B}.Debug|Any CPU.Build.0 = Debug|Any CPU
		{994FE6DD-0670-40E6-B063-3B763BF8EC2B}.Release|Any CPU.ActiveCfg = Release|Any CPU
		{994FE6DD-0670-40E6-B063-3B763BF8EC2B}.Release|Any CPU.Build.0 = Release|Any CPU
		{7DDF7215-2331-4251-A5FA-78ECCF82E3DB}.Debug|Any CPU.ActiveCfg = Debug|Any CPU
		{7DDF7215-2331-4251-A5FA-78ECCF82E3DB}.Debug|Any CPU.Build.0 = Debug|Any CPU
		{7DDF7215-2331-4251-A5FA-78ECCF82E3DB}.Release|Any CPU.ActiveCfg = Release|Any CPU
		{7DDF7215-2331-4251-A5FA-78ECCF82E3DB}.Release|Any CPU.Build.0 = Release|Any CPU
	EndGlobalSection
	GlobalSection(SolutionProperties) = preSolution
		HideSolutionNode = FALSE
	EndGlobalSection
	GlobalSection(ExtensibilityGlobals) = postSolution
		SolutionGuid = {2FEF53F8-C275-42A2-A2C8-30EAE499D7AD}
	EndGlobalSection
EndGlobal
